// !$*UTF8*$!
{
	archiveVersion = 1;
	classes = {
	};
	objectVersion = 77;
	objects = {

/* Begin PBXBuildFile section */
		2BAE777E2F1121BD0081BB43 /* Base.framework in Frameworks */ = {isa = PBXBuildFile; fileRef = 2BAE77722F1121BD0081BB43 /* Base.framework */; };
		2BAE778F2F1121C20081BB43 /* Base.docc in Sources */ = {isa = PBXBuildFile; fileRef = 2BAE778C2F1121C20081BB43 /* Base.docc */; };
		2BAE77962F11224D0081BB43 /* Interactable.swift in Sources */ = {isa = PBXBuildFile; fileRef = 2BAE77952F11224A0081BB43 /* Interactable.swift */; };
		2BAE77982F11226C0081BB43 /* Interactor.swift in Sources */ = {isa = PBXBuildFile; fileRef = 2BAE77972F1122690081BB43 /* Interactor.swift */; };
		2BAE779B2F1122920081BB43 /* RouterError.swift in Sources */ = {isa = PBXBuildFile; fileRef = 2BAE779A2F1122900081BB43 /* RouterError.swift */; };
		2BAE779E2F1122BB0081BB43 /* Routable.swift in Sources */ = {isa = PBXBuildFile; fileRef = 2BAE779D2F1122B90081BB43 /* Routable.swift */; };
		2BAE77A02F1122F30081BB43 /* ViewableRouter.swift in Sources */ = {isa = PBXBuildFile; fileRef = 2BAE779F2F1122F10081BB43 /* ViewableRouter.swift */; };
		2BAE77A42F1125790081BB43 /* Dependency.swift in Sources */ = {isa = PBXBuildFile; fileRef = 2BAE77A32F1125720081BB43 /* Dependency.swift */; };
		2BAE77A62F11257F0081BB43 /* Component.swift in Sources */ = {isa = PBXBuildFile; fileRef = 2BAE77A52F11257D0081BB43 /* Component.swift */; };
		2BAE77C12F1130570081BB43 /* TestInteractor.swift in Sources */ = {isa = PBXBuildFile; fileRef = 2BAE77C02F11304B0081BB43 /* TestInteractor.swift */; };
		2BAE77C32F1130780081BB43 /* TestRouter.swift in Sources */ = {isa = PBXBuildFile; fileRef = 2BAE77C22F1130770081BB43 /* TestRouter.swift */; };
		2BAE77C52F11309A0081BB43 /* RouterTests.swift in Sources */ = {isa = PBXBuildFile; fileRef = 2BAE77C42F11309A0081BB43 /* RouterTests.swift */; };
		2BAE784B2F115EBE0081BB43 /* Array+Extension.swift in Sources */ = {isa = PBXBuildFile; fileRef = 2BAE784A2F115EB90081BB43 /* Array+Extension.swift */; };
		2BAE785C2F1216970081BB43 /* LaunchRouter.swift in Sources */ = {isa = PBXBuildFile; fileRef = 2BAE785B2F1216930081BB43 /* LaunchRouter.swift */; };
		2BAE78EC2F12A77C0081BB43 /* String+Extension.swift in Sources */ = {isa = PBXBuildFile; fileRef = 2BAE78EB2F12A7770081BB43 /* String+Extension.swift */; };
/* End PBXBuildFile section */

/* Begin PBXContainerItemProxy section */
		2BAE777F2F1121BD0081BB43 /* PBXContainerItemProxy */ = {
			isa = PBXContainerItemProxy;
			containerPortal = 2BAE77692F1121BD0081BB43 /* Project object */;
			proxyType = 1;
			remoteGlobalIDString = 2BAE77712F1121BD0081BB43;
			remoteInfo = Base;
		};
/* End PBXContainerItemProxy section */

/* Begin PBXFileReference section */
		2BAE77722F1121BD0081BB43 /* Base.framework */ = {isa = PBXFileReference; explicitFileType = wrapper.framework; includeInIndex = 0; path = Base.framework; sourceTree = BUILT_PRODUCTS_DIR; };
		2BAE777D2F1121BD0081BB43 /* BaseTests.xctest */ = {isa = PBXFileReference; explicitFileType = wrapper.cfbundle; includeInIndex = 0; path = BaseTests.xctest; sourceTree = BUILT_PRODUCTS_DIR; };
		2BAE778C2F1121C20081BB43 /* Base.docc */ = {isa = PBXFileReference; lastKnownFileType = folder.documentationcatalog; path = Base.docc; sourceTree = "<group>"; };
		2BAE77952F11224A0081BB43 /* Interactable.swift */ = {isa = PBXFileReference; lastKnownFileType = sourcecode.swift; path = Interactable.swift; sourceTree = "<group>"; };
		2BAE77972F1122690081BB43 /* Interactor.swift */ = {isa = PBXFileReference; lastKnownFileType = sourcecode.swift; path = Interactor.swift; sourceTree = "<group>"; };
		2BAE779A2F1122900081BB43 /* RouterError.swift */ = {isa = PBXFileReference; lastKnownFileType = sourcecode.swift; path = RouterError.swift; sourceTree = "<group>"; };
		2BAE779D2F1122B90081BB43 /* Routable.swift */ = {isa = PBXFileReference; lastKnownFileType = sourcecode.swift; path = Routable.swift; sourceTree = "<group>"; };
		2BAE779F2F1122F10081BB43 /* ViewableRouter.swift */ = {isa = PBXFileReference; lastKnownFileType = sourcecode.swift; path = ViewableRouter.swift; sourceTree = "<group>"; };
		2BAE77A32F1125720081BB43 /* Dependency.swift */ = {isa = PBXFileReference; lastKnownFileType = sourcecode.swift; path = Dependency.swift; sourceTree = "<group>"; };
		2BAE77A52F11257D0081BB43 /* Component.swift */ = {isa = PBXFileReference; lastKnownFileType = sourcecode.swift; path = Component.swift; sourceTree = "<group>"; };
		2BAE77C02F11304B0081BB43 /* TestInteractor.swift */ = {isa = PBXFileReference; lastKnownFileType = sourcecode.swift; path = TestInteractor.swift; sourceTree = "<group>"; };
		2BAE77C22F1130770081BB43 /* TestRouter.swift */ = {isa = PBXFileReference; lastKnownFileType = sourcecode.swift; path = TestRouter.swift; sourceTree = "<group>"; };
		2BAE77C42F11309A0081BB43 /* RouterTests.swift */ = {isa = PBXFileReference; lastKnownFileType = sourcecode.swift; path = RouterTests.swift; sourceTree = "<group>"; };
		2BAE784A2F115EB90081BB43 /* Array+Extension.swift */ = {isa = PBXFileReference; lastKnownFileType = sourcecode.swift; path = "Array+Extension.swift"; sourceTree = "<group>"; };
		2BAE785B2F1216930081BB43 /* LaunchRouter.swift */ = {isa = PBXFileReference; lastKnownFileType = sourcecode.swift; path = LaunchRouter.swift; sourceTree = "<group>"; };
		2BAE78EB2F12A7770081BB43 /* String+Extension.swift */ = {isa = PBXFileReference; lastKnownFileType = sourcecode.swift; path = "String+Extension.swift"; sourceTree = "<group>"; };
/* End PBXFileReference section */

/* Begin PBXFrameworksBuildPhase section */
		2BAE776F2F1121BD0081BB43 /* Frameworks */ = {
			isa = PBXFrameworksBuildPhase;
			buildActionMask = 2147483647;
			files = (
			);
			runOnlyForDeploymentPostprocessing = 0;
		};
		2BAE777A2F1121BD0081BB43 /* Frameworks */ = {
			isa = PBXFrameworksBuildPhase;
			buildActionMask = 2147483647;
			files = (
				2BAE777E2F1121BD0081BB43 /* Base.framework in Frameworks */,
			);
			runOnlyForDeploymentPostprocessing = 0;
		};
/* End PBXFrameworksBuildPhase section */

/* Begin PBXGroup section */
		2BAE77682F1121BD0081BB43 = {
			isa = PBXGroup;
			children = (
				2BAE778E2F1121C20081BB43 /* Base */,
				2BAE77922F1121C50081BB43 /* BaseTests */,
				2BAE77732F1121BD0081BB43 /* Products */,
			);
			sourceTree = "<group>";
		};
		2BAE77732F1121BD0081BB43 /* Products */ = {
			isa = PBXGroup;
			children = (
				2BAE77722F1121BD0081BB43 /* Base.framework */,
				2BAE777D2F1121BD0081BB43 /* BaseTests.xctest */,
			);
			name = Products;
			sourceTree = "<group>";
		};
		2BAE778E2F1121C20081BB43 /* Base */ = {
			isa = PBXGroup;
			children = (
				2BAE78492F115EB60081BB43 /* Extension */,
				2BAE77A22F11256D0081BB43 /* Component */,
				2BAE77992F1122830081BB43 /* Router */,
				2BAE77942F1122450081BB43 /* Interactor */,
				2BAE778C2F1121C20081BB43 /* Base.docc */,
			);
			path = Base;
			sourceTree = "<group>";
		};
		2BAE77922F1121C50081BB43 /* BaseTests */ = {
			isa = PBXGroup;
			children = (
				2BAE77BF2F1130410081BB43 /* Dummy */,
				2BAE77C42F11309A0081BB43 /* RouterTests.swift */,
			);
			path = BaseTests;
			sourceTree = "<group>";
		};
		2BAE77942F1122450081BB43 /* Interactor */ = {
			isa = PBXGroup;
			children = (
				2BAE77972F1122690081BB43 /* Interactor.swift */,
				2BAE77952F11224A0081BB43 /* Interactable.swift */,
			);
			path = Interactor;
			sourceTree = "<group>";
		};
		2BAE77992F1122830081BB43 /* Router */ = {
			isa = PBXGroup;
			children = (
				2BAE785B2F1216930081BB43 /* LaunchRouter.swift */,
				2BAE779F2F1122F10081BB43 /* ViewableRouter.swift */,
				2BAE779D2F1122B90081BB43 /* Routable.swift */,
				2BAE779A2F1122900081BB43 /* RouterError.swift */,
			);
			path = Router;
			sourceTree = "<group>";
		};
		2BAE77A22F11256D0081BB43 /* Component */ = {
			isa = PBXGroup;
			children = (
				2BAE77A52F11257D0081BB43 /* Component.swift */,
				2BAE77A32F1125720081BB43 /* Dependency.swift */,
			);
			path = Component;
			sourceTree = "<group>";
		};
		2BAE77BF2F1130410081BB43 /* Dummy */ = {
			isa = PBXGroup;
			children = (
				2BAE77C22F1130770081BB43 /* TestRouter.swift */,
				2BAE77C02F11304B0081BB43 /* TestInteractor.swift */,
			);
			path = Dummy;
			sourceTree = "<group>";
		};
		2BAE78492F115EB60081BB43 /* Extension */ = {
			isa = PBXGroup;
			children = (
				2BAE78EB2F12A7770081BB43 /* String+Extension.swift */,
				2BAE784A2F115EB90081BB43 /* Array+Extension.swift */,
			);
			path = Extension;
			sourceTree = "<group>";
		};
/* End PBXGroup section */

/* Begin PBXHeadersBuildPhase section */
		2BAE776D2F1121BD0081BB43 /* Headers */ = {
			isa = PBXHeadersBuildPhase;
			buildActionMask = 2147483647;
			files = (
			);
			runOnlyForDeploymentPostprocessing = 0;
		};
/* End PBXHeadersBuildPhase section */

/* Begin PBXNativeTarget section */
		2BAE77712F1121BD0081BB43 /* Base */ = {
			isa = PBXNativeTarget;
			buildConfigurationList = 2BAE77862F1121BD0081BB43 /* Build configuration list for PBXNativeTarget "Base" */;
			buildPhases = (
				2BAE776D2F1121BD0081BB43 /* Headers */,
				2BAE776E2F1121BD0081BB43 /* Sources */,
				2BAE776F2F1121BD0081BB43 /* Frameworks */,
				2BAE77702F1121BD0081BB43 /* Resources */,
			);
			buildRules = (
			);
			dependencies = (
			);
			name = Base;
			packageProductDependencies = (
			);
			productName = Base;
			productReference = 2BAE77722F1121BD0081BB43 /* Base.framework */;
			productType = "com.apple.product-type.framework";
		};
		2BAE777C2F1121BD0081BB43 /* BaseTests */ = {
			isa = PBXNativeTarget;
			buildConfigurationList = 2BAE77892F1121BD0081BB43 /* Build configuration list for PBXNativeTarget "BaseTests" */;
			buildPhases = (
				2BAE77792F1121BD0081BB43 /* Sources */,
				2BAE777A2F1121BD0081BB43 /* Frameworks */,
				2BAE777B2F1121BD0081BB43 /* Resources */,
			);
			buildRules = (
			);
			dependencies = (
				2BAE77802F1121BD0081BB43 /* PBXTargetDependency */,
			);
			name = BaseTests;
			packageProductDependencies = (
			);
			productName = BaseTests;
			productReference = 2BAE777D2F1121BD0081BB43 /* BaseTests.xctest */;
			productType = "com.apple.product-type.bundle.unit-test";
		};
/* End PBXNativeTarget section */

/* Begin PBXProject section */
		2BAE77692F1121BD0081BB43 /* Project object */ = {
			isa = PBXProject;
			attributes = {
				BuildIndependentTargetsInParallel = 1;
				LastSwiftUpdateCheck = 1640;
				LastUpgradeCheck = 1640;
				TargetAttributes = {
					2BAE77712F1121BD0081BB43 = {
						CreatedOnToolsVersion = 16.4;
					};
					2BAE777C2F1121BD0081BB43 = {
						CreatedOnToolsVersion = 16.4;
					};
				};
			};
			buildConfigurationList = 2BAE776C2F1121BD0081BB43 /* Build configuration list for PBXProject "Base" */;
			developmentRegion = en;
			hasScannedForEncodings = 0;
			knownRegions = (
				en,
				Base,
			);
			mainGroup = 2BAE77682F1121BD0081BB43;
			minimizedProjectReferenceProxies = 1;
			preferredProjectObjectVersion = 77;
			productRefGroup = 2BAE77732F1121BD0081BB43 /* Products */;
			projectDirPath = "";
			projectRoot = "";
			targets = (
				2BAE77712F1121BD0081BB43 /* Base */,
				2BAE777C2F1121BD0081BB43 /* BaseTests */,
			);
		};
/* End PBXProject section */

/* Begin PBXResourcesBuildPhase section */
		2BAE77702F1121BD0081BB43 /* Resources */ = {
			isa = PBXResourcesBuildPhase;
			buildActionMask = 2147483647;
			files = (
			);
			runOnlyForDeploymentPostprocessing = 0;
		};
		2BAE777B2F1121BD0081BB43 /* Resources */ = {
			isa = PBXResourcesBuildPhase;
			buildActionMask = 2147483647;
			files = (
			);
			runOnlyForDeploymentPostprocessing = 0;
		};
/* End PBXResourcesBuildPhase section */

/* Begin PBXSourcesBuildPhase section */
		2BAE776E2F1121BD0081BB43 /* Sources */ = {
			isa = PBXSourcesBuildPhase;
			buildActionMask = 2147483647;
			files = (
				2BAE77962F11224D0081BB43 /* Interactable.swift in Sources */,
				2BAE78EC2F12A77C0081BB43 /* String+Extension.swift in Sources */,
				2BAE779E2F1122BB0081BB43 /* Routable.swift in Sources */,
				2BAE77A02F1122F30081BB43 /* ViewableRouter.swift in Sources */,
				2BAE784B2F115EBE0081BB43 /* Array+Extension.swift in Sources */,
				2BAE778F2F1121C20081BB43 /* Base.docc in Sources */,
				2BAE77982F11226C0081BB43 /* Interactor.swift in Sources */,
				2BAE77A62F11257F0081BB43 /* Component.swift in Sources */,
				2BAE785C2F1216970081BB43 /* LaunchRouter.swift in Sources */,
				2BAE77A42F1125790081BB43 /* Dependency.swift in Sources */,
				2BAE779B2F1122920081BB43 /* RouterError.swift in Sources */,
			);
			runOnlyForDeploymentPostprocessing = 0;
		};
		2BAE77792F1121BD0081BB43 /* Sources */ = {
			isa = PBXSourcesBuildPhase;
			buildActionMask = 2147483647;
			files = (
				2BAE77C52F11309A0081BB43 /* RouterTests.swift in Sources */,
				2BAE77C12F1130570081BB43 /* TestInteractor.swift in Sources */,
				2BAE77C32F1130780081BB43 /* TestRouter.swift in Sources */,
			);
			runOnlyForDeploymentPostprocessing = 0;
		};
/* End PBXSourcesBuildPhase section */

/* Begin PBXTargetDependency section */
		2BAE77802F1121BD0081BB43 /* PBXTargetDependency */ = {
			isa = PBXTargetDependency;
			target = 2BAE77712F1121BD0081BB43 /* Base */;
			targetProxy = 2BAE777F2F1121BD0081BB43 /* PBXContainerItemProxy */;
		};
/* End PBXTargetDependency section */

/* Begin XCBuildConfiguration section */
		2BAE77842F1121BD0081BB43 /* Debug */ = {
			isa = XCBuildConfiguration;
			buildSettings = {
				ALWAYS_SEARCH_USER_PATHS = NO;
				ASSETCATALOG_COMPILER_GENERATE_SWIFT_ASSET_SYMBOL_EXTENSIONS = YES;
				CLANG_ANALYZER_NONNULL = YES;
				CLANG_ANALYZER_NUMBER_OBJECT_CONVERSION = YES_AGGRESSIVE;
				CLANG_CXX_LANGUAGE_STANDARD = "gnu++20";
				CLANG_ENABLE_MODULES = YES;
				CLANG_ENABLE_OBJC_ARC = YES;
				CLANG_ENABLE_OBJC_WEAK = YES;
				CLANG_WARN_BLOCK_CAPTURE_AUTORELEASING = YES;
				CLANG_WARN_BOOL_CONVERSION = YES;
				CLANG_WARN_COMMA = YES;
				CLANG_WARN_CONSTANT_CONVERSION = YES;
				CLANG_WARN_DEPRECATED_OBJC_IMPLEMENTATIONS = YES;
				CLANG_WARN_DIRECT_OBJC_ISA_USAGE = YES_ERROR;
				CLANG_WARN_DOCUMENTATION_COMMENTS = YES;
				CLANG_WARN_EMPTY_BODY = YES;
				CLANG_WARN_ENUM_CONVERSION = YES;
				CLANG_WARN_INFINITE_RECURSION = YES;
				CLANG_WARN_INT_CONVERSION = YES;
				CLANG_WARN_NON_LITERAL_NULL_CONVERSION = YES;
				CLANG_WARN_OBJC_IMPLICIT_RETAIN_SELF = YES;
				CLANG_WARN_OBJC_LITERAL_CONVERSION = YES;
				CLANG_WARN_OBJC_ROOT_CLASS = YES_ERROR;
				CLANG_WARN_QUOTED_INCLUDE_IN_FRAMEWORK_HEADER = YES;
				CLANG_WARN_RANGE_LOOP_ANALYSIS = YES;
				CLANG_WARN_STRICT_PROTOTYPES = YES;
				CLANG_WARN_SUSPICIOUS_MOVE = YES;
				CLANG_WARN_UNGUARDED_AVAILABILITY = YES_AGGRESSIVE;
				CLANG_WARN_UNREACHABLE_CODE = YES;
				CLANG_WARN__DUPLICATE_METHOD_MATCH = YES;
				COPY_PHASE_STRIP = NO;
				CURRENT_PROJECT_VERSION = 1;
				DEBUG_INFORMATION_FORMAT = dwarf;
				ENABLE_STRICT_OBJC_MSGSEND = YES;
				ENABLE_TESTABILITY = YES;
				ENABLE_USER_SCRIPT_SANDBOXING = YES;
				GCC_C_LANGUAGE_STANDARD = gnu17;
				GCC_DYNAMIC_NO_PIC = NO;
				GCC_NO_COMMON_BLOCKS = YES;
				GCC_OPTIMIZATION_LEVEL = 0;
				GCC_PREPROCESSOR_DEFINITIONS = (
					"DEBUG=1",
					"$(inherited)",
				);
				GCC_WARN_64_TO_32_BIT_CONVERSION = YES;
				GCC_WARN_ABOUT_RETURN_TYPE = YES_ERROR;
				GCC_WARN_UNDECLARED_SELECTOR = YES;
				GCC_WARN_UNINITIALIZED_AUTOS = YES_AGGRESSIVE;
				GCC_WARN_UNUSED_FUNCTION = YES;
				GCC_WARN_UNUSED_VARIABLE = YES;
				IPHONEOS_DEPLOYMENT_TARGET = 18.5;
				LOCALIZATION_PREFERS_STRING_CATALOGS = YES;
				MTL_ENABLE_DEBUG_INFO = INCLUDE_SOURCE;
				MTL_FAST_MATH = YES;
				ONLY_ACTIVE_ARCH = YES;
				SDKROOT = iphoneos;
				SWIFT_ACTIVE_COMPILATION_CONDITIONS = "DEBUG $(inherited)";
				SWIFT_OPTIMIZATION_LEVEL = "-Onone";
				VERSIONING_SYSTEM = "apple-generic";
				VERSION_INFO_PREFIX = "";
			};
			name = Debug;
		};
		2BAE77852F1121BD0081BB43 /* Release */ = {
			isa = XCBuildConfiguration;
			buildSettings = {
				ALWAYS_SEARCH_USER_PATHS = NO;
				ASSETCATALOG_COMPILER_GENERATE_SWIFT_ASSET_SYMBOL_EXTENSIONS = YES;
				CLANG_ANALYZER_NONNULL = YES;
				CLANG_ANALYZER_NUMBER_OBJECT_CONVERSION = YES_AGGRESSIVE;
				CLANG_CXX_LANGUAGE_STANDARD = "gnu++20";
				CLANG_ENABLE_MODULES = YES;
				CLANG_ENABLE_OBJC_ARC = YES;
				CLANG_ENABLE_OBJC_WEAK = YES;
				CLANG_WARN_BLOCK_CAPTURE_AUTORELEASING = YES;
				CLANG_WARN_BOOL_CONVERSION = YES;
				CLANG_WARN_COMMA = YES;
				CLANG_WARN_CONSTANT_CONVERSION = YES;
				CLANG_WARN_DEPRECATED_OBJC_IMPLEMENTATIONS = YES;
				CLANG_WARN_DIRECT_OBJC_ISA_USAGE = YES_ERROR;
				CLANG_WARN_DOCUMENTATION_COMMENTS = YES;
				CLANG_WARN_EMPTY_BODY = YES;
				CLANG_WARN_ENUM_CONVERSION = YES;
				CLANG_WARN_INFINITE_RECURSION = YES;
				CLANG_WARN_INT_CONVERSION = YES;
				CLANG_WARN_NON_LITERAL_NULL_CONVERSION = YES;
				CLANG_WARN_OBJC_IMPLICIT_RETAIN_SELF = YES;
				CLANG_WARN_OBJC_LITERAL_CONVERSION = YES;
				CLANG_WARN_OBJC_ROOT_CLASS = YES_ERROR;
				CLANG_WARN_QUOTED_INCLUDE_IN_FRAMEWORK_HEADER = YES;
				CLANG_WARN_RANGE_LOOP_ANALYSIS = YES;
				CLANG_WARN_STRICT_PROTOTYPES = YES;
				CLANG_WARN_SUSPICIOUS_MOVE = YES;
				CLANG_WARN_UNGUARDED_AVAILABILITY = YES_AGGRESSIVE;
				CLANG_WARN_UNREACHABLE_CODE = YES;
				CLANG_WARN__DUPLICATE_METHOD_MATCH = YES;
				COPY_PHASE_STRIP = NO;
				CURRENT_PROJECT_VERSION = 1;
				DEBUG_INFORMATION_FORMAT = "dwarf-with-dsym";
				ENABLE_NS_ASSERTIONS = NO;
				ENABLE_STRICT_OBJC_MSGSEND = YES;
				ENABLE_USER_SCRIPT_SANDBOXING = YES;
				GCC_C_LANGUAGE_STANDARD = gnu17;
				GCC_NO_COMMON_BLOCKS = YES;
				GCC_WARN_64_TO_32_BIT_CONVERSION = YES;
				GCC_WARN_ABOUT_RETURN_TYPE = YES_ERROR;
				GCC_WARN_UNDECLARED_SELECTOR = YES;
				GCC_WARN_UNINITIALIZED_AUTOS = YES_AGGRESSIVE;
				GCC_WARN_UNUSED_FUNCTION = YES;
				GCC_WARN_UNUSED_VARIABLE = YES;
				IPHONEOS_DEPLOYMENT_TARGET = 18.5;
				LOCALIZATION_PREFERS_STRING_CATALOGS = YES;
				MTL_ENABLE_DEBUG_INFO = NO;
				MTL_FAST_MATH = YES;
				SDKROOT = iphoneos;
				SWIFT_COMPILATION_MODE = wholemodule;
				VALIDATE_PRODUCT = YES;
				VERSIONING_SYSTEM = "apple-generic";
				VERSION_INFO_PREFIX = "";
			};
			name = Release;
		};
		2BAE77872F1121BD0081BB43 /* Debug */ = {
			isa = XCBuildConfiguration;
			buildSettings = {
				BUILD_LIBRARY_FOR_DISTRIBUTION = YES;
				CODE_SIGN_STYLE = Automatic;
				CURRENT_PROJECT_VERSION = 1;
				DYLIB_COMPATIBILITY_VERSION = 1;
				DYLIB_CURRENT_VERSION = 1;
				DYLIB_INSTALL_NAME_BASE = "@rpath";
				ENABLE_MODULE_VERIFIER = YES;
				GENERATE_INFOPLIST_FILE = YES;
				INFOPLIST_KEY_NSHumanReadableCopyright = "";
				INSTALL_PATH = "$(LOCAL_LIBRARY_DIR)/Frameworks";
				IPHONEOS_DEPLOYMENT_TARGET = 16.0;
				LD_RUNPATH_SEARCH_PATHS = (
					"$(inherited)",
					"@executable_path/Frameworks",
					"@loader_path/Frameworks",
				);
				MARKETING_VERSION = 1.0;
				MODULE_VERIFIER_SUPPORTED_LANGUAGES = "objective-c objective-c++";
				MODULE_VERIFIER_SUPPORTED_LANGUAGE_STANDARDS = "gnu17 gnu++20";
				PRODUCT_BUNDLE_IDENTIFIER = lsh.Base;
				PRODUCT_NAME = "$(TARGET_NAME:c99extidentifier)";
				SKIP_INSTALL = YES;
				SWIFT_EMIT_LOC_STRINGS = YES;
				SWIFT_INSTALL_MODULE = YES;
				SWIFT_INSTALL_OBJC_HEADER = NO;
				SWIFT_VERSION = 5.0;
				TARGETED_DEVICE_FAMILY = "1,2";
			};
			name = Debug;
		};
		2BAE77882F1121BD0081BB43 /* Release */ = {
			isa = XCBuildConfiguration;
			buildSettings = {
				BUILD_LIBRARY_FOR_DISTRIBUTION = YES;
				CODE_SIGN_STYLE = Automatic;
				CURRENT_PROJECT_VERSION = 1;
				DYLIB_COMPATIBILITY_VERSION = 1;
				DYLIB_CURRENT_VERSION = 1;
				DYLIB_INSTALL_NAME_BASE = "@rpath";
				ENABLE_MODULE_VERIFIER = YES;
				GENERATE_INFOPLIST_FILE = YES;
				INFOPLIST_KEY_NSHumanReadableCopyright = "";
				INSTALL_PATH = "$(LOCAL_LIBRARY_DIR)/Frameworks";
				IPHONEOS_DEPLOYMENT_TARGET = 16.0;
				LD_RUNPATH_SEARCH_PATHS = (
					"$(inherited)",
					"@executable_path/Frameworks",
					"@loader_path/Frameworks",
				);
				MARKETING_VERSION = 1.0;
				MODULE_VERIFIER_SUPPORTED_LANGUAGES = "objective-c objective-c++";
				MODULE_VERIFIER_SUPPORTED_LANGUAGE_STANDARDS = "gnu17 gnu++20";
				PRODUCT_BUNDLE_IDENTIFIER = lsh.Base;
				PRODUCT_NAME = "$(TARGET_NAME:c99extidentifier)";
				SKIP_INSTALL = YES;
				SWIFT_EMIT_LOC_STRINGS = YES;
				SWIFT_INSTALL_MODULE = YES;
				SWIFT_INSTALL_OBJC_HEADER = NO;
				SWIFT_VERSION = 5.0;
				TARGETED_DEVICE_FAMILY = "1,2";
			};
			name = Release;
		};
		2BAE778A2F1121BD0081BB43 /* Debug */ = {
			isa = XCBuildConfiguration;
			buildSettings = {
				CODE_SIGN_STYLE = Automatic;
				CURRENT_PROJECT_VERSION = 1;
				GENERATE_INFOPLIST_FILE = YES;
				IPHONEOS_DEPLOYMENT_TARGET = 16.0;
				MARKETING_VERSION = 1.0;
				PRODUCT_BUNDLE_IDENTIFIER = lsh.BaseTests;
				PRODUCT_NAME = "$(TARGET_NAME)";
				SWIFT_EMIT_LOC_STRINGS = NO;
				SWIFT_VERSION = 5.0;
				TARGETED_DEVICE_FAMILY = "1,2";
			};
			name = Debug;
		};
		2BAE778B2F1121BD0081BB43 /* Release */ = {
			isa = XCBuildConfiguration;
			buildSettings = {
				CODE_SIGN_STYLE = Automatic;
				CURRENT_PROJECT_VERSION = 1;
				GENERATE_INFOPLIST_FILE = YES;
				IPHONEOS_DEPLOYMENT_TARGET = 16.0;
				MARKETING_VERSION = 1.0;
				PRODUCT_BUNDLE_IDENTIFIER = lsh.BaseTests;
				PRODUCT_NAME = "$(TARGET_NAME)";
				SWIFT_EMIT_LOC_STRINGS = NO;
				SWIFT_VERSION = 5.0;
				TARGETED_DEVICE_FAMILY = "1,2";
			};
			name = Release;
		};
/* End XCBuildConfiguration section */

/* Begin XCConfigurationList section */
		2BAE776C2F1121BD0081BB43 /* Build configuration list for PBXProject "Base" */ = {
			isa = XCConfigurationList;
			buildConfigurations = (
				2BAE77842F1121BD0081BB43 /* Debug */,
				2BAE77852F1121BD0081BB43 /* Release */,
			);
			defaultConfigurationIsVisible = 0;
			defaultConfigurationName = Release;
		};
		2BAE77862F1121BD0081BB43 /* Build configuration list for PBXNativeTarget "Base" */ = {
			isa = XCConfigurationList;
			buildConfigurations = (
				2BAE77872F1121BD0081BB43 /* Debug */,
				2BAE77882F1121BD0081BB43 /* Release */,
			);
			defaultConfigurationIsVisible = 0;
			defaultConfigurationName = Release;
		};
		2BAE77892F1121BD0081BB43 /* Build configuration list for PBXNativeTarget "BaseTests" */ = {
			isa = XCConfigurationList;
			buildConfigurations = (
				2BAE778A2F1121BD0081BB43 /* Debug */,
				2BAE778B2F1121BD0081BB43 /* Release */,
			);
			defaultConfigurationIsVisible = 0;
			defaultConfigurationName = Release;
		};
/* End XCConfigurationList section */
	};
	rootObject = 2BAE77692F1121BD0081BB43 /* Project object */;
}
