// !$*UTF8*$!
{
	archiveVersion = 1;
	classes = {
	};
	objectVersion = 77;
	objects = {

/* Begin PBXBuildFile section */
		2B9832132F0E78820077C02E /* AppDelegate.swift in Sources */ = {isa = PBXBuildFile; fileRef = 2B9832092F0E78820077C02E /* AppDelegate.swift */; };
		2B9832142F0E78820077C02E /* SceneDelegate.swift in Sources */ = {isa = PBXBuildFile; fileRef = 2B9832102F0E78820077C02E /* SceneDelegate.swift */; };
		2B9832162F0E78820077C02E /* Assets.xcassets in Resources */ = {isa = PBXBuildFile; fileRef = 2B98320A2F0E78820077C02E /* Assets.xcassets */; };
		2B9832182F0E78820077C02E /* LaunchScreen.storyboard in Resources */ = {isa = PBXBuildFile; fileRef = 2B98320D2F0E78820077C02E /* LaunchScreen.storyboard */; };
		2B9832192F0E78820077C02E /* Main.storyboard in Resources */ = {isa = PBXBuildFile; fileRef = 2B98320F2F0E78820077C02E /* Main.storyboard */; };
		2B98321C2F0E78AA0077C02E /* CarrotBookSearchTests.swift in Sources */ = {isa = PBXBuildFile; fileRef = 2B98321A2F0E78AA0077C02E /* CarrotBookSearchTests.swift */; };
		2B9832202F0E78AC0077C02E /* CarrotBookSearchUITests.swift in Sources */ = {isa = PBXBuildFile; fileRef = 2B98321D2F0E78AC0077C02E /* CarrotBookSearchUITests.swift */; };
		2B9832212F0E78AC0077C02E /* CarrotBookSearchUITestsLaunchTests.swift in Sources */ = {isa = PBXBuildFile; fileRef = 2B98321E2F0E78AC0077C02E /* CarrotBookSearchUITestsLaunchTests.swift */; };
		2BAE78332F113F170081BB43 /* Base.framework in Frameworks */ = {isa = PBXBuildFile; fileRef = 2BAE78322F113F170081BB43 /* Base.framework */; };
		2BAE78342F113F170081BB43 /* Base.framework in Embed Frameworks */ = {isa = PBXBuildFile; fileRef = 2BAE78322F113F170081BB43 /* Base.framework */; settings = {ATTRIBUTES = (CodeSignOnCopy, RemoveHeadersOnCopy, ); }; };
		2BAE783D2F113F230081BB43 /* Networking.framework in Frameworks */ = {isa = PBXBuildFile; fileRef = 2BAE783C2F113F230081BB43 /* Networking.framework */; };
		2BAE783E2F113F230081BB43 /* Networking.framework in Embed Frameworks */ = {isa = PBXBuildFile; fileRef = 2BAE783C2F113F230081BB43 /* Networking.framework */; settings = {ATTRIBUTES = (CodeSignOnCopy, RemoveHeadersOnCopy, ); }; };
		2BAE78402F1141A40081BB43 /* BookList.framework in Frameworks */ = {isa = PBXBuildFile; fileRef = 2BAE783F2F1141A40081BB43 /* BookList.framework */; };
		2BAE78412F1141A40081BB43 /* BookList.framework in Embed Frameworks */ = {isa = PBXBuildFile; fileRef = 2BAE783F2F1141A40081BB43 /* BookList.framework */; settings = {ATTRIBUTES = (CodeSignOnCopy, RemoveHeadersOnCopy, ); }; };
		2BAE78432F1141A80081BB43 /* BookListInterface.framework in Frameworks */ = {isa = PBXBuildFile; fileRef = 2BAE78422F1141A80081BB43 /* BookListInterface.framework */; };
		2BAE78442F1141A80081BB43 /* BookListInterface.framework in Embed Frameworks */ = {isa = PBXBuildFile; fileRef = 2BAE78422F1141A80081BB43 /* BookListInterface.framework */; settings = {ATTRIBUTES = (CodeSignOnCopy, RemoveHeadersOnCopy, ); }; };
		2BAE78682F121A4C0081BB43 /* RootComponent.swift in Sources */ = {isa = PBXBuildFile; fileRef = 2BAE78632F121A4C0081BB43 /* RootComponent.swift */; };
		2BAE78692F121A4C0081BB43 /* RootBuilder.swift in Sources */ = {isa = PBXBuildFile; fileRef = 2BAE78622F121A4C0081BB43 /* RootBuilder.swift */; };
		2BAE786A2F121A4C0081BB43 /* RootRouter.swift in Sources */ = {isa = PBXBuildFile; fileRef = 2BAE78652F121A4C0081BB43 /* RootRouter.swift */; };
		2BAE786B2F121A4C0081BB43 /* RootInteractor.swift in Sources */ = {isa = PBXBuildFile; fileRef = 2BAE78642F121A4C0081BB43 /* RootInteractor.swift */; };
/* End PBXBuildFile section */

/* Begin PBXContainerItemProxy section */
		2B9831BF2F0E76830077C02E /* PBXContainerItemProxy */ = {
			isa = PBXContainerItemProxy;
			containerPortal = 2B9831A02F0E76820077C02E /* Project object */;
			proxyType = 1;
			remoteGlobalIDString = 2B9831A72F0E76820077C02E;
			remoteInfo = CarrotBookSearch;
		};
		2B9831C92F0E76830077C02E /* PBXContainerItemProxy */ = {
			isa = PBXContainerItemProxy;
			containerPortal = 2B9831A02F0E76820077C02E /* Project object */;
			proxyType = 1;
			remoteGlobalIDString = 2B9831A72F0E76820077C02E;
			remoteInfo = CarrotBookSearch;
		};
/* End PBXContainerItemProxy section */

/* Begin PBXCopyFilesBuildPhase section */
		2BAE78352F113F170081BB43 /* Embed Frameworks */ = {
			isa = PBXCopyFilesBuildPhase;
			buildActionMask = 2147483647;
			dstPath = "";
			dstSubfolderSpec = 10;
			files = (
				2BAE78412F1141A40081BB43 /* BookList.framework in Embed Frameworks */,
				2BAE783E2F113F230081BB43 /* Networking.framework in Embed Frameworks */,
				2BAE78342F113F170081BB43 /* Base.framework in Embed Frameworks */,
				2BAE78442F1141A80081BB43 /* BookListInterface.framework in Embed Frameworks */,
			);
			name = "Embed Frameworks";
			runOnlyForDeploymentPostprocessing = 0;
		};
/* End PBXCopyFilesBuildPhase section */

/* Begin PBXFileReference section */
		2B9831A82F0E76820077C02E /* CarrotBookSearch.app */ = {isa = PBXFileReference; explicitFileType = wrapper.application; includeInIndex = 0; path = CarrotBookSearch.app; sourceTree = BUILT_PRODUCTS_DIR; };
		2B9831BE2F0E76830077C02E /* CarrotBookSearchTests.xctest */ = {isa = PBXFileReference; explicitFileType = wrapper.cfbundle; includeInIndex = 0; path = CarrotBookSearchTests.xctest; sourceTree = BUILT_PRODUCTS_DIR; };
		2B9831C82F0E76830077C02E /* CarrotBookSearchUITests.xctest */ = {isa = PBXFileReference; explicitFileType = wrapper.cfbundle; includeInIndex = 0; path = CarrotBookSearchUITests.xctest; sourceTree = BUILT_PRODUCTS_DIR; };
		2B9832092F0E78820077C02E /* AppDelegate.swift */ = {isa = PBXFileReference; lastKnownFileType = sourcecode.swift; path = AppDelegate.swift; sourceTree = "<group>"; };
		2B98320A2F0E78820077C02E /* Assets.xcassets */ = {isa = PBXFileReference; lastKnownFileType = folder.assetcatalog; path = Assets.xcassets; sourceTree = "<group>"; };
		2B98320B2F0E78820077C02E /* Info.plist */ = {isa = PBXFileReference; lastKnownFileType = text.plist.xml; path = Info.plist; sourceTree = "<group>"; };
		2B98320C2F0E78820077C02E /* Base */ = {isa = PBXFileReference; lastKnownFileType = file.storyboard; name = Base; path = Base.lproj/LaunchScreen.storyboard; sourceTree = "<group>"; };
		2B98320E2F0E78820077C02E /* Base */ = {isa = PBXFileReference; lastKnownFileType = file.storyboard; name = Base; path = Base.lproj/Main.storyboard; sourceTree = "<group>"; };
		2B9832102F0E78820077C02E /* SceneDelegate.swift */ = {isa = PBXFileReference; lastKnownFileType = sourcecode.swift; path = SceneDelegate.swift; sourceTree = "<group>"; };
		2B98321A2F0E78AA0077C02E /* CarrotBookSearchTests.swift */ = {isa = PBXFileReference; lastKnownFileType = sourcecode.swift; path = CarrotBookSearchTests.swift; sourceTree = "<group>"; };
		2B98321D2F0E78AC0077C02E /* CarrotBookSearchUITests.swift */ = {isa = PBXFileReference; lastKnownFileType = sourcecode.swift; path = CarrotBookSearchUITests.swift; sourceTree = "<group>"; };
		2B98321E2F0E78AC0077C02E /* CarrotBookSearchUITestsLaunchTests.swift */ = {isa = PBXFileReference; lastKnownFileType = sourcecode.swift; path = CarrotBookSearchUITestsLaunchTests.swift; sourceTree = "<group>"; };
		2BAE78322F113F170081BB43 /* Base.framework */ = {isa = PBXFileReference; explicitFileType = wrapper.framework; path = Base.framework; sourceTree = BUILT_PRODUCTS_DIR; };
		2BAE78362F113F1C0081BB43 /* List.framework */ = {isa = PBXFileReference; explicitFileType = wrapper.framework; path = List.framework; sourceTree = BUILT_PRODUCTS_DIR; };
		2BAE78392F113F200081BB43 /* ListInterface.framework */ = {isa = PBXFileReference; explicitFileType = wrapper.framework; path = ListInterface.framework; sourceTree = BUILT_PRODUCTS_DIR; };
		2BAE783C2F113F230081BB43 /* Networking.framework */ = {isa = PBXFileReference; explicitFileType = wrapper.framework; path = Networking.framework; sourceTree = BUILT_PRODUCTS_DIR; };
		2BAE783F2F1141A40081BB43 /* BookList.framework */ = {isa = PBXFileReference; explicitFileType = wrapper.framework; path = BookList.framework; sourceTree = BUILT_PRODUCTS_DIR; };
		2BAE78422F1141A80081BB43 /* BookListInterface.framework */ = {isa = PBXFileReference; explicitFileType = wrapper.framework; path = BookListInterface.framework; sourceTree = BUILT_PRODUCTS_DIR; };
		2BAE78622F121A4C0081BB43 /* RootBuilder.swift */ = {isa = PBXFileReference; lastKnownFileType = sourcecode.swift; path = RootBuilder.swift; sourceTree = "<group>"; };
		2BAE78632F121A4C0081BB43 /* RootComponent.swift */ = {isa = PBXFileReference; lastKnownFileType = sourcecode.swift; path = RootComponent.swift; sourceTree = "<group>"; };
		2BAE78642F121A4C0081BB43 /* RootInteractor.swift */ = {isa = PBXFileReference; lastKnownFileType = sourcecode.swift; path = RootInteractor.swift; sourceTree = "<group>"; };
		2BAE78652F121A4C0081BB43 /* RootRouter.swift */ = {isa = PBXFileReference; lastKnownFileType = sourcecode.swift; path = RootRouter.swift; sourceTree = "<group>"; };
/* End PBXFileReference section */

/* Begin PBXFrameworksBuildPhase section */
		2B9831A52F0E76820077C02E /* Frameworks */ = {
			isa = PBXFrameworksBuildPhase;
			buildActionMask = 2147483647;
			files = (
				2BAE78402F1141A40081BB43 /* BookList.framework in Frameworks */,
				2BAE783D2F113F230081BB43 /* Networking.framework in Frameworks */,
				2BAE78332F113F170081BB43 /* Base.framework in Frameworks */,
				2BAE78432F1141A80081BB43 /* BookListInterface.framework in Frameworks */,
			);
			runOnlyForDeploymentPostprocessing = 0;
		};
		2B9831BB2F0E76830077C02E /* Frameworks */ = {
			isa = PBXFrameworksBuildPhase;
			buildActionMask = 2147483647;
			files = (
			);
			runOnlyForDeploymentPostprocessing = 0;
		};
		2B9831C52F0E76830077C02E /* Frameworks */ = {
			isa = PBXFrameworksBuildPhase;
			buildActionMask = 2147483647;
			files = (
			);
			runOnlyForDeploymentPostprocessing = 0;
		};
/* End PBXFrameworksBuildPhase section */

/* Begin PBXGroup section */
		2B98319F2F0E76820077C02E = {
			isa = PBXGroup;
			children = (
				2B9832122F0E78820077C02E /* CarrotBookSearch */,
				2B98321B2F0E78AA0077C02E /* CarrotBookSearchTests */,
				2B98321F2F0E78AC0077C02E /* CarrotBookSearchUITests */,
				2BAE78312F113F170081BB43 /* Frameworks */,
				2B9831A92F0E76820077C02E /* Products */,
			);
			sourceTree = "<group>";
		};
		2B9831A92F0E76820077C02E /* Products */ = {
			isa = PBXGroup;
			children = (
				2B9831A82F0E76820077C02E /* CarrotBookSearch.app */,
				2B9831BE2F0E76830077C02E /* CarrotBookSearchTests.xctest */,
				2B9831C82F0E76830077C02E /* CarrotBookSearchUITests.xctest */,
			);
			name = Products;
			sourceTree = "<group>";
		};
		2B9832122F0E78820077C02E /* CarrotBookSearch */ = {
			isa = PBXGroup;
			children = (
				2BAE785E2F1217DD0081BB43 /* SceneDelegate */,
				2BAE785D2F1217D80081BB43 /* AppDelegate */,
				2B98320A2F0E78820077C02E /* Assets.xcassets */,
				2B98320B2F0E78820077C02E /* Info.plist */,
				2B98320D2F0E78820077C02E /* LaunchScreen.storyboard */,
				2B98320F2F0E78820077C02E /* Main.storyboard */,
			);
			path = CarrotBookSearch;
			sourceTree = "<group>";
		};
		2B98321B2F0E78AA0077C02E /* CarrotBookSearchTests */ = {
			isa = PBXGroup;
			children = (
				2B98321A2F0E78AA0077C02E /* CarrotBookSearchTests.swift */,
			);
			path = CarrotBookSearchTests;
			sourceTree = "<group>";
		};
		2B98321F2F0E78AC0077C02E /* CarrotBookSearchUITests */ = {
			isa = PBXGroup;
			children = (
				2B98321D2F0E78AC0077C02E /* CarrotBookSearchUITests.swift */,
				2B98321E2F0E78AC0077C02E /* CarrotBookSearchUITestsLaunchTests.swift */,
			);
			path = CarrotBookSearchUITests;
			sourceTree = "<group>";
		};
		2BAE78312F113F170081BB43 /* Frameworks */ = {
			isa = PBXGroup;
			children = (
				2BAE78422F1141A80081BB43 /* BookListInterface.framework */,
				2BAE783F2F1141A40081BB43 /* BookList.framework */,
				2BAE783C2F113F230081BB43 /* Networking.framework */,
				2BAE78392F113F200081BB43 /* ListInterface.framework */,
				2BAE78362F113F1C0081BB43 /* List.framework */,
				2BAE78322F113F170081BB43 /* Base.framework */,
			);
			name = Frameworks;
			sourceTree = "<group>";
		};
		2BAE785D2F1217D80081BB43 /* AppDelegate */ = {
			isa = PBXGroup;
			children = (
				2B9832092F0E78820077C02E /* AppDelegate.swift */,
			);
			path = AppDelegate;
			sourceTree = "<group>";
		};
		2BAE785E2F1217DD0081BB43 /* SceneDelegate */ = {
			isa = PBXGroup;
			children = (
				2BAE78612F121A310081BB43 /* Root */,
				2B9832102F0E78820077C02E /* SceneDelegate.swift */,
			);
			path = SceneDelegate;
			sourceTree = "<group>";
		};
		2BAE78612F121A310081BB43 /* Root */ = {
			isa = PBXGroup;
			children = (
				2BAE78622F121A4C0081BB43 /* RootBuilder.swift */,
				2BAE78632F121A4C0081BB43 /* RootComponent.swift */,
				2BAE78642F121A4C0081BB43 /* RootInteractor.swift */,
				2BAE78652F121A4C0081BB43 /* RootRouter.swift */,
			);
			path = Root;
			sourceTree = "<group>";
		};
/* End PBXGroup section */

/* Begin PBXNativeTarget section */
		2B9831A72F0E76820077C02E /* CarrotBookSearch */ = {
			isa = PBXNativeTarget;
			buildConfigurationList = 2B9831D12F0E76830077C02E /* Build configuration list for PBXNativeTarget "CarrotBookSearch" */;
			buildPhases = (
				2B9831A42F0E76820077C02E /* Sources */,
				2B9831A52F0E76820077C02E /* Frameworks */,
				2B9831A62F0E76820077C02E /* Resources */,
				2BAE78352F113F170081BB43 /* Embed Frameworks */,
			);
			buildRules = (
			);
			dependencies = (
			);
			name = CarrotBookSearch;
			packageProductDependencies = (
			);
			productName = CarrotBookSearch;
			productReference = 2B9831A82F0E76820077C02E /* CarrotBookSearch.app */;
			productType = "com.apple.product-type.application";
		};
		2B9831BD2F0E76830077C02E /* CarrotBookSearchTests */ = {
			isa = PBXNativeTarget;
			buildConfigurationList = 2B9831D62F0E76830077C02E /* Build configuration list for PBXNativeTarget "CarrotBookSearchTests" */;
			buildPhases = (
				2B9831BA2F0E76830077C02E /* Sources */,
				2B9831BB2F0E76830077C02E /* Frameworks */,
				2B9831BC2F0E76830077C02E /* Resources */,
			);
			buildRules = (
			);
			dependencies = (
				2B9831C02F0E76830077C02E /* PBXTargetDependency */,
			);
			name = CarrotBookSearchTests;
			packageProductDependencies = (
			);
			productName = CarrotBookSearchTests;
			productReference = 2B9831BE2F0E76830077C02E /* CarrotBookSearchTests.xctest */;
			productType = "com.apple.product-type.bundle.unit-test";
		};
		2B9831C72F0E76830077C02E /* CarrotBookSearchUITests */ = {
			isa = PBXNativeTarget;
			buildConfigurationList = 2B9831D92F0E76830077C02E /* Build configuration list for PBXNativeTarget "CarrotBookSearchUITests" */;
			buildPhases = (
				2B9831C42F0E76830077C02E /* Sources */,
				2B9831C52F0E76830077C02E /* Frameworks */,
				2B9831C62F0E76830077C02E /* Resources */,
			);
			buildRules = (
			);
			dependencies = (
				2B9831CA2F0E76830077C02E /* PBXTargetDependency */,
			);
			name = CarrotBookSearchUITests;
			packageProductDependencies = (
			);
			productName = CarrotBookSearchUITests;
			productReference = 2B9831C82F0E76830077C02E /* CarrotBookSearchUITests.xctest */;
			productType = "com.apple.product-type.bundle.ui-testing";
		};
/* End PBXNativeTarget section */

/* Begin PBXProject section */
		2B9831A02F0E76820077C02E /* Project object */ = {
			isa = PBXProject;
			attributes = {
				BuildIndependentTargetsInParallel = 1;
				LastSwiftUpdateCheck = 1640;
				LastUpgradeCheck = 1640;
				TargetAttributes = {
					2B9831A72F0E76820077C02E = {
						CreatedOnToolsVersion = 16.4;
					};
					2B9831BD2F0E76830077C02E = {
						CreatedOnToolsVersion = 16.4;
						TestTargetID = 2B9831A72F0E76820077C02E;
					};
					2B9831C72F0E76830077C02E = {
						CreatedOnToolsVersion = 16.4;
						TestTargetID = 2B9831A72F0E76820077C02E;
					};
				};
			};
			buildConfigurationList = 2B9831A32F0E76820077C02E /* Build configuration list for PBXProject "CarrotBookSearch" */;
			developmentRegion = en;
			hasScannedForEncodings = 0;
			knownRegions = (
				en,
				Base,
			);
			mainGroup = 2B98319F2F0E76820077C02E;
			minimizedProjectReferenceProxies = 1;
			preferredProjectObjectVersion = 77;
			productRefGroup = 2B9831A92F0E76820077C02E /* Products */;
			projectDirPath = "";
			projectRoot = "";
			targets = (
				2B9831A72F0E76820077C02E /* CarrotBookSearch */,
				2B9831BD2F0E76830077C02E /* CarrotBookSearchTests */,
				2B9831C72F0E76830077C02E /* CarrotBookSearchUITests */,
			);
		};
/* End PBXProject section */

/* Begin PBXResourcesBuildPhase section */
		2B9831A62F0E76820077C02E /* Resources */ = {
			isa = PBXResourcesBuildPhase;
			buildActionMask = 2147483647;
			files = (
				2B9832162F0E78820077C02E /* Assets.xcassets in Resources */,
				2B9832182F0E78820077C02E /* LaunchScreen.storyboard in Resources */,
				2B9832192F0E78820077C02E /* Main.storyboard in Resources */,
			);
			runOnlyForDeploymentPostprocessing = 0;
		};
		2B9831BC2F0E76830077C02E /* Resources */ = {
			isa = PBXResourcesBuildPhase;
			buildActionMask = 2147483647;
			files = (
			);
			runOnlyForDeploymentPostprocessing = 0;
		};
		2B9831C62F0E76830077C02E /* Resources */ = {
			isa = PBXResourcesBuildPhase;
			buildActionMask = 2147483647;
			files = (
			);
			runOnlyForDeploymentPostprocessing = 0;
		};
/* End PBXResourcesBuildPhase section */

/* Begin PBXSourcesBuildPhase section */
		2B9831A42F0E76820077C02E /* Sources */ = {
			isa = PBXSourcesBuildPhase;
			buildActionMask = 2147483647;
			files = (
				2BAE78682F121A4C0081BB43 /* RootComponent.swift in Sources */,
				2BAE78692F121A4C0081BB43 /* RootBuilder.swift in Sources */,
				2BAE786A2F121A4C0081BB43 /* RootRouter.swift in Sources */,
				2BAE786B2F121A4C0081BB43 /* RootInteractor.swift in Sources */,
				2B9832132F0E78820077C02E /* AppDelegate.swift in Sources */,
				2B9832142F0E78820077C02E /* SceneDelegate.swift in Sources */,
			);
			runOnlyForDeploymentPostprocessing = 0;
		};
		2B9831BA2F0E76830077C02E /* Sources */ = {
			isa = PBXSourcesBuildPhase;
			buildActionMask = 2147483647;
			files = (
				2B98321C2F0E78AA0077C02E /* CarrotBookSearchTests.swift in Sources */,
			);
			runOnlyForDeploymentPostprocessing = 0;
		};
		2B9831C42F0E76830077C02E /* Sources */ = {
			isa = PBXSourcesBuildPhase;
			buildActionMask = 2147483647;
			files = (
				2B9832202F0E78AC0077C02E /* CarrotBookSearchUITests.swift in Sources */,
				2B9832212F0E78AC0077C02E /* CarrotBookSearchUITestsLaunchTests.swift in Sources */,
			);
			runOnlyForDeploymentPostprocessing = 0;
		};
/* End PBXSourcesBuildPhase section */

/* Begin PBXTargetDependency section */
		2B9831C02F0E76830077C02E /* PBXTargetDependency */ = {
			isa = PBXTargetDependency;
			target = 2B9831A72F0E76820077C02E /* CarrotBookSearch */;
			targetProxy = 2B9831BF2F0E76830077C02E /* PBXContainerItemProxy */;
		};
		2B9831CA2F0E76830077C02E /* PBXTargetDependency */ = {
			isa = PBXTargetDependency;
			target = 2B9831A72F0E76820077C02E /* CarrotBookSearch */;
			targetProxy = 2B9831C92F0E76830077C02E /* PBXContainerItemProxy */;
		};
/* End PBXTargetDependency section */

/* Begin PBXVariantGroup section */
		2B98320D2F0E78820077C02E /* LaunchScreen.storyboard */ = {
			isa = PBXVariantGroup;
			children = (
				2B98320C2F0E78820077C02E /* Base */,
			);
			name = LaunchScreen.storyboard;
			sourceTree = "<group>";
		};
		2B98320F2F0E78820077C02E /* Main.storyboard */ = {
			isa = PBXVariantGroup;
			children = (
				2B98320E2F0E78820077C02E /* Base */,
			);
			name = Main.storyboard;
			sourceTree = "<group>";
		};
/* End PBXVariantGroup section */

/* Begin XCBuildConfiguration section */
		2B9831D22F0E76830077C02E /* Debug */ = {
			isa = XCBuildConfiguration;
			buildSettings = {
				ASSETCATALOG_COMPILER_APPICON_NAME = AppIcon;
				ASSETCATALOG_COMPILER_GLOBAL_ACCENT_COLOR_NAME = AccentColor;
				CODE_SIGN_STYLE = Automatic;
				CURRENT_PROJECT_VERSION = 1;
				GENERATE_INFOPLIST_FILE = YES;
				INFOPLIST_FILE = CarrotBookSearch/Info.plist;
				INFOPLIST_KEY_UIApplicationSupportsIndirectInputEvents = YES;
				INFOPLIST_KEY_UILaunchStoryboardName = LaunchScreen;
				INFOPLIST_KEY_UIMainStoryboardFile = Main;
				INFOPLIST_KEY_UISupportedInterfaceOrientations_iPad = "UIInterfaceOrientationPortrait UIInterfaceOrientationPortraitUpsideDown UIInterfaceOrientationLandscapeLeft UIInterfaceOrientationLandscapeRight";
				INFOPLIST_KEY_UISupportedInterfaceOrientations_iPhone = "UIInterfaceOrientationPortrait UIInterfaceOrientationLandscapeLeft UIInterfaceOrientationLandscapeRight";
				IPHONEOS_DEPLOYMENT_TARGET = 16.0;
				LD_RUNPATH_SEARCH_PATHS = (
					"$(inherited)",
					"@executable_path/Frameworks",
				);
				MARKETING_VERSION = 1.0;
				PRODUCT_BUNDLE_IDENTIFIER = lsh.CarrotBookSearch;
				PRODUCT_NAME = "$(TARGET_NAME)";
				SWIFT_EMIT_LOC_STRINGS = YES;
				SWIFT_VERSION = 5.0;
				TARGETED_DEVICE_FAMILY = "1,2";
			};
			name = Debug;
		};
		2B9831D32F0E76830077C02E /* Release */ = {
			isa = XCBuildConfiguration;
			buildSettings = {
				ASSETCATALOG_COMPILER_APPICON_NAME = AppIcon;
				ASSETCATALOG_COMPILER_GLOBAL_ACCENT_COLOR_NAME = AccentColor;
				CODE_SIGN_STYLE = Automatic;
				CURRENT_PROJECT_VERSION = 1;
				GENERATE_INFOPLIST_FILE = YES;
				INFOPLIST_FILE = CarrotBookSearch/Info.plist;
				INFOPLIST_KEY_UIApplicationSupportsIndirectInputEvents = YES;
				INFOPLIST_KEY_UILaunchStoryboardName = LaunchScreen;
				INFOPLIST_KEY_UIMainStoryboardFile = Main;
				INFOPLIST_KEY_UISupportedInterfaceOrientations_iPad = "UIInterfaceOrientationPortrait UIInterfaceOrientationPortraitUpsideDown UIInterfaceOrientationLandscapeLeft UIInterfaceOrientationLandscapeRight";
				INFOPLIST_KEY_UISupportedInterfaceOrientations_iPhone = "UIInterfaceOrientationPortrait UIInterfaceOrientationLandscapeLeft UIInterfaceOrientationLandscapeRight";
				IPHONEOS_DEPLOYMENT_TARGET = 16.0;
				LD_RUNPATH_SEARCH_PATHS = (
					"$(inherited)",
					"@executable_path/Frameworks",
				);
				MARKETING_VERSION = 1.0;
				PRODUCT_BUNDLE_IDENTIFIER = lsh.CarrotBookSearch;
				PRODUCT_NAME = "$(TARGET_NAME)";
				SWIFT_EMIT_LOC_STRINGS = YES;
				SWIFT_VERSION = 5.0;
				TARGETED_DEVICE_FAMILY = "1,2";
			};
			name = Release;
		};
		2B9831D42F0E76830077C02E /* Debug */ = {
			isa = XCBuildConfiguration;
			buildSettings = {
				ALWAYS_SEARCH_USER_PATHS = NO;
				ASSETCATALOG_COMPILER_GENERATE_SWIFT_ASSET_SYMBOL_EXTENSIONS = YES;
				CLANG_ANALYZER_NONNULL = YES;
				CLANG_ANALYZER_NUMBER_OBJECT_CONVERSION = YES_AGGRESSIVE;
				CLANG_CXX_LANGUAGE_STANDARD = "gnu++20";
				CLANG_ENABLE_MODULES = YES;
				CLANG_ENABLE_OBJC_ARC = YES;
				CLANG_ENABLE_OBJC_WEAK = YES;
				CLANG_WARN_BLOCK_CAPTURE_AUTORELEASING = YES;
				CLANG_WARN_BOOL_CONVERSION = YES;
				CLANG_WARN_COMMA = YES;
				CLANG_WARN_CONSTANT_CONVERSION = YES;
				CLANG_WARN_DEPRECATED_OBJC_IMPLEMENTATIONS = YES;
				CLANG_WARN_DIRECT_OBJC_ISA_USAGE = YES_ERROR;
				CLANG_WARN_DOCUMENTATION_COMMENTS = YES;
				CLANG_WARN_EMPTY_BODY = YES;
				CLANG_WARN_ENUM_CONVERSION = YES;
				CLANG_WARN_INFINITE_RECURSION = YES;
				CLANG_WARN_INT_CONVERSION = YES;
				CLANG_WARN_NON_LITERAL_NULL_CONVERSION = YES;
				CLANG_WARN_OBJC_IMPLICIT_RETAIN_SELF = YES;
				CLANG_WARN_OBJC_LITERAL_CONVERSION = YES;
				CLANG_WARN_OBJC_ROOT_CLASS = YES_ERROR;
				CLANG_WARN_QUOTED_INCLUDE_IN_FRAMEWORK_HEADER = YES;
				CLANG_WARN_RANGE_LOOP_ANALYSIS = YES;
				CLANG_WARN_STRICT_PROTOTYPES = YES;
				CLANG_WARN_SUSPICIOUS_MOVE = YES;
				CLANG_WARN_UNGUARDED_AVAILABILITY = YES_AGGRESSIVE;
				CLANG_WARN_UNREACHABLE_CODE = YES;
				CLANG_WARN__DUPLICATE_METHOD_MATCH = YES;
				COPY_PHASE_STRIP = NO;
				DEBUG_INFORMATION_FORMAT = dwarf;
				ENABLE_STRICT_OBJC_MSGSEND = YES;
				ENABLE_TESTABILITY = YES;
				ENABLE_USER_SCRIPT_SANDBOXING = YES;
				GCC_C_LANGUAGE_STANDARD = gnu17;
				GCC_DYNAMIC_NO_PIC = NO;
				GCC_NO_COMMON_BLOCKS = YES;
				GCC_OPTIMIZATION_LEVEL = 0;
				GCC_PREPROCESSOR_DEFINITIONS = (
					"DEBUG=1",
					"$(inherited)",
				);
				GCC_WARN_64_TO_32_BIT_CONVERSION = YES;
				GCC_WARN_ABOUT_RETURN_TYPE = YES_ERROR;
				GCC_WARN_UNDECLARED_SELECTOR = YES;
				GCC_WARN_UNINITIALIZED_AUTOS = YES_AGGRESSIVE;
				GCC_WARN_UNUSED_FUNCTION = YES;
				GCC_WARN_UNUSED_VARIABLE = YES;
				IPHONEOS_DEPLOYMENT_TARGET = 18.5;
				LOCALIZATION_PREFERS_STRING_CATALOGS = YES;
				MTL_ENABLE_DEBUG_INFO = INCLUDE_SOURCE;
				MTL_FAST_MATH = YES;
				ONLY_ACTIVE_ARCH = YES;
				SDKROOT = iphoneos;
				SWIFT_ACTIVE_COMPILATION_CONDITIONS = "DEBUG $(inherited)";
				SWIFT_OPTIMIZATION_LEVEL = "-Onone";
			};
			name = Debug;
		};
		2B9831D52F0E76830077C02E /* Release */ = {
			isa = XCBuildConfiguration;
			buildSettings = {
				ALWAYS_SEARCH_USER_PATHS = NO;
				ASSETCATALOG_COMPILER_GENERATE_SWIFT_ASSET_SYMBOL_EXTENSIONS = YES;
				CLANG_ANALYZER_NONNULL = YES;
				CLANG_ANALYZER_NUMBER_OBJECT_CONVERSION = YES_AGGRESSIVE;
				CLANG_CXX_LANGUAGE_STANDARD = "gnu++20";
				CLANG_ENABLE_MODULES = YES;
				CLANG_ENABLE_OBJC_ARC = YES;
				CLANG_ENABLE_OBJC_WEAK = YES;
				CLANG_WARN_BLOCK_CAPTURE_AUTORELEASING = YES;
				CLANG_WARN_BOOL_CONVERSION = YES;
				CLANG_WARN_COMMA = YES;
				CLANG_WARN_CONSTANT_CONVERSION = YES;
				CLANG_WARN_DEPRECATED_OBJC_IMPLEMENTATIONS = YES;
				CLANG_WARN_DIRECT_OBJC_ISA_USAGE = YES_ERROR;
				CLANG_WARN_DOCUMENTATION_COMMENTS = YES;
				CLANG_WARN_EMPTY_BODY = YES;
				CLANG_WARN_ENUM_CONVERSION = YES;
				CLANG_WARN_INFINITE_RECURSION = YES;
				CLANG_WARN_INT_CONVERSION = YES;
				CLANG_WARN_NON_LITERAL_NULL_CONVERSION = YES;
				CLANG_WARN_OBJC_IMPLICIT_RETAIN_SELF = YES;
				CLANG_WARN_OBJC_LITERAL_CONVERSION = YES;
				CLANG_WARN_OBJC_ROOT_CLASS = YES_ERROR;
				CLANG_WARN_QUOTED_INCLUDE_IN_FRAMEWORK_HEADER = YES;
				CLANG_WARN_RANGE_LOOP_ANALYSIS = YES;
				CLANG_WARN_STRICT_PROTOTYPES = YES;
				CLANG_WARN_SUSPICIOUS_MOVE = YES;
				CLANG_WARN_UNGUARDED_AVAILABILITY = YES_AGGRESSIVE;
				CLANG_WARN_UNREACHABLE_CODE = YES;
				CLANG_WARN__DUPLICATE_METHOD_MATCH = YES;
				COPY_PHASE_STRIP = NO;
				DEBUG_INFORMATION_FORMAT = "dwarf-with-dsym";
				ENABLE_NS_ASSERTIONS = NO;
				ENABLE_STRICT_OBJC_MSGSEND = YES;
				ENABLE_USER_SCRIPT_SANDBOXING = YES;
				GCC_C_LANGUAGE_STANDARD = gnu17;
				GCC_NO_COMMON_BLOCKS = YES;
				GCC_WARN_64_TO_32_BIT_CONVERSION = YES;
				GCC_WARN_ABOUT_RETURN_TYPE = YES_ERROR;
				GCC_WARN_UNDECLARED_SELECTOR = YES;
				GCC_WARN_UNINITIALIZED_AUTOS = YES_AGGRESSIVE;
				GCC_WARN_UNUSED_FUNCTION = YES;
				GCC_WARN_UNUSED_VARIABLE = YES;
				IPHONEOS_DEPLOYMENT_TARGET = 18.5;
				LOCALIZATION_PREFERS_STRING_CATALOGS = YES;
				MTL_ENABLE_DEBUG_INFO = NO;
				MTL_FAST_MATH = YES;
				SDKROOT = iphoneos;
				SWIFT_COMPILATION_MODE = wholemodule;
				VALIDATE_PRODUCT = YES;
			};
			name = Release;
		};
		2B9831D72F0E76830077C02E /* Debug */ = {
			isa = XCBuildConfiguration;
			buildSettings = {
				BUNDLE_LOADER = "$(TEST_HOST)";
				CODE_SIGN_STYLE = Automatic;
				CURRENT_PROJECT_VERSION = 1;
				GENERATE_INFOPLIST_FILE = YES;
				IPHONEOS_DEPLOYMENT_TARGET = 16.0;
				MARKETING_VERSION = 1.0;
				PRODUCT_BUNDLE_IDENTIFIER = lsh.CarrotBookSearchTests;
				PRODUCT_NAME = "$(TARGET_NAME)";
				SWIFT_EMIT_LOC_STRINGS = NO;
				SWIFT_VERSION = 5.0;
				TARGETED_DEVICE_FAMILY = "1,2";
				TEST_HOST = "$(BUILT_PRODUCTS_DIR)/CarrotBookSearch.app/$(BUNDLE_EXECUTABLE_FOLDER_PATH)/CarrotBookSearch";
			};
			name = Debug;
		};
		2B9831D82F0E76830077C02E /* Release */ = {
			isa = XCBuildConfiguration;
			buildSettings = {
				BUNDLE_LOADER = "$(TEST_HOST)";
				CODE_SIGN_STYLE = Automatic;
				CURRENT_PROJECT_VERSION = 1;
				GENERATE_INFOPLIST_FILE = YES;
				IPHONEOS_DEPLOYMENT_TARGET = 16.0;
				MARKETING_VERSION = 1.0;
				PRODUCT_BUNDLE_IDENTIFIER = lsh.CarrotBookSearchTests;
				PRODUCT_NAME = "$(TARGET_NAME)";
				SWIFT_EMIT_LOC_STRINGS = NO;
				SWIFT_VERSION = 5.0;
				TARGETED_DEVICE_FAMILY = "1,2";
				TEST_HOST = "$(BUILT_PRODUCTS_DIR)/CarrotBookSearch.app/$(BUNDLE_EXECUTABLE_FOLDER_PATH)/CarrotBookSearch";
			};
			name = Release;
		};
		2B9831DA2F0E76830077C02E /* Debug */ = {
			isa = XCBuildConfiguration;
			buildSettings = {
				CODE_SIGN_STYLE = Automatic;
				CURRENT_PROJECT_VERSION = 1;
				GENERATE_INFOPLIST_FILE = YES;
				IPHONEOS_DEPLOYMENT_TARGET = 16.0;
				MARKETING_VERSION = 1.0;
				PRODUCT_BUNDLE_IDENTIFIER = lsh.CarrotBookSearchUITests;
				PRODUCT_NAME = "$(TARGET_NAME)";
				SWIFT_EMIT_LOC_STRINGS = NO;
				SWIFT_VERSION = 5.0;
				TARGETED_DEVICE_FAMILY = "1,2";
				TEST_TARGET_NAME = CarrotBookSearch;
			};
			name = Debug;
		};
		2B9831DB2F0E76830077C02E /* Release */ = {
			isa = XCBuildConfiguration;
			buildSettings = {
				CODE_SIGN_STYLE = Automatic;
				CURRENT_PROJECT_VERSION = 1;
				GENERATE_INFOPLIST_FILE = YES;
				IPHONEOS_DEPLOYMENT_TARGET = 16.0;
				MARKETING_VERSION = 1.0;
				PRODUCT_BUNDLE_IDENTIFIER = lsh.CarrotBookSearchUITests;
				PRODUCT_NAME = "$(TARGET_NAME)";
				SWIFT_EMIT_LOC_STRINGS = NO;
				SWIFT_VERSION = 5.0;
				TARGETED_DEVICE_FAMILY = "1,2";
				TEST_TARGET_NAME = CarrotBookSearch;
			};
			name = Release;
		};
/* End XCBuildConfiguration section */

/* Begin XCConfigurationList section */
		2B9831A32F0E76820077C02E /* Build configuration list for PBXProject "CarrotBookSearch" */ = {
			isa = XCConfigurationList;
			buildConfigurations = (
				2B9831D42F0E76830077C02E /* Debug */,
				2B9831D52F0E76830077C02E /* Release */,
			);
			defaultConfigurationIsVisible = 0;
			defaultConfigurationName = Release;
		};
		2B9831D12F0E76830077C02E /* Build configuration list for PBXNativeTarget "CarrotBookSearch" */ = {
			isa = XCConfigurationList;
			buildConfigurations = (
				2B9831D22F0E76830077C02E /* Debug */,
				2B9831D32F0E76830077C02E /* Release */,
			);
			defaultConfigurationIsVisible = 0;
			defaultConfigurationName = Release;
		};
		2B9831D62F0E76830077C02E /* Build configuration list for PBXNativeTarget "CarrotBookSearchTests" */ = {
			isa = XCConfigurationList;
			buildConfigurations = (
				2B9831D72F0E76830077C02E /* Debug */,
				2B9831D82F0E76830077C02E /* Release */,
			);
			defaultConfigurationIsVisible = 0;
			defaultConfigurationName = Release;
		};
		2B9831D92F0E76830077C02E /* Build configuration list for PBXNativeTarget "CarrotBookSearchUITests" */ = {
			isa = XCConfigurationList;
			buildConfigurations = (
				2B9831DA2F0E76830077C02E /* Debug */,
				2B9831DB2F0E76830077C02E /* Release */,
			);
			defaultConfigurationIsVisible = 0;
			defaultConfigurationName = Release;
		};
/* End XCConfigurationList section */
	};
	rootObject = 2B9831A02F0E76820077C02E /* Project object */;
}
